
Microsoft Visual Studio Solution File, Format Version 12.00
# Visual Studio Version 17
VisualStudioVersion = 17.3.32901.215
MinimumVisualStudioVersion = 10.0.40219.1
Project("{8BC9CEB8-8B4A-11D0-8D11-00A0C91BC942}") = "ChetanDemo_C", "ChetanDemo_C.vcxproj", "{081F5562-1D04-45C7-B71C-D9DFF0FC9F59}"
EndProject
Project("{8BC9CEB8-8B4A-11D0-8D11-00A0C91BC942}") = "Basics", "Basics\Basics.vcxproj", "{FA5FA3F4-F446-4848-AABC-D69F76DFFE54}"
EndProject
Project("{8BC9CEB8-8B4A-11D0-8D11-00A0C91BC942}") = "CodnStmt", "CodnStmt\CodnStmt.vcxproj", "{4A489814-D823-4913-B00B-1C71DA5C888C}"
EndProject
Project("{8BC9CEB8-8B4A-11D0-8D11-00A0C91BC942}") = "ItrvStmt", "..\ItrvStmt\ItrvStmt.vcxproj", "{380068EF-49EA-454F-8BBE-C03195DC6C49}"
EndProject
Project("{8BC9CEB8-8B4A-11D0-8D11-00A0C91BC942}") = "Functions", "..\Functions\Functions.vcxproj", "{4423DCD9-1371-4D84-BC37-D2F0A9E64B4B}"
EndProject
Project("{8BC9CEB8-8B4A-11D0-8D11-00A0C91BC942}") = "Array_1D", "..\Array_1D\Array_1D.vcxproj", "{7BC0A005-FDCD-4601-9056-06F169B8EAD5}"
EndProject
Project("{8BC9CEB8-8B4A-11D0-8D11-00A0C91BC942}") = "Array_2D", "..\Array_2D\Array_2D.vcxproj", "{41F50C6C-B5E9-4961-BA96-243C09CF8907}"
EndProject
Project("{8BC9CEB8-8B4A-11D0-8D11-00A0C91BC942}") = "Strings", "..\Strings\Strings.vcxproj", "{CD0A4148-8C05-4FDD-B116-4B6DAE76876C}"
EndProject
Global
	GlobalSection(SolutionConfigurationPlatforms) = preSolution
		Debug|x64 = Debug|x64
		Debug|x86 = Debug|x86
		Release|x64 = Release|x64
		Release|x86 = Release|x86
	EndGlobalSection
	GlobalSection(ProjectConfigurationPlatforms) = postSolution
		{081F5562-1D04-45C7-B71C-D9DFF0FC9F59}.Debug|x64.ActiveCfg = Debug|x64
		{081F5562-1D04-45C7-B71C-D9DFF0FC9F59}.Debug|x64.Build.0 = Debug|x64
		{081F5562-1D04-45C7-B71C-D9DFF0FC9F59}.Debug|x86.ActiveCfg = Debug|Win32
		{081F5562-1D04-45C7-B71C-D9DFF0FC9F59}.Debug|x86.Build.0 = Debug|Win32
		{081F5562-1D04-45C7-B71C-D9DFF0FC9F59}.Release|x64.ActiveCfg = Release|x64
		{081F5562-1D04-45C7-B71C-D9DFF0FC9F59}.Release|x64.Build.0 = Release|x64
		{081F5562-1D04-45C7-B71C-D9DFF0FC9F59}.Release|x86.ActiveCfg = Release|Win32
		{081F5562-1D04-45C7-B71C-D9DFF0FC9F59}.Release|x86.Build.0 = Release|Win32
		{FA5FA3F4-F446-4848-AABC-D69F76DFFE54}.Debug|x64.ActiveCfg = Debug|x64
		{FA5FA3F4-F446-4848-AABC-D69F76DFFE54}.Debug|x64.Build.0 = Debug|x64
		{FA5FA3F4-F446-4848-AABC-D69F76DFFE54}.Debug|x86.ActiveCfg = Debug|Win32
		{FA5FA3F4-F446-4848-AABC-D69F76DFFE54}.Debug|x86.Build.0 = Debug|Win32
		{FA5FA3F4-F446-4848-AABC-D69F76DFFE54}.Release|x64.ActiveCfg = Release|x64
		{FA5FA3F4-F446-4848-AABC-D69F76DFFE54}.Release|x64.Build.0 = Release|x64
		{FA5FA3F4-F446-4848-AABC-D69F76DFFE54}.Release|x86.ActiveCfg = Release|Win32
		{FA5FA3F4-F446-4848-AABC-D69F76DFFE54}.Release|x86.Build.0 = Release|Win32
		{4A489814-D823-4913-B00B-1C71DA5C888C}.Debug|x64.ActiveCfg = Debug|x64
		{4A489814-D823-4913-B00B-1C71DA5C888C}.Debug|x64.Build.0 = Debug|x64
		{4A489814-D823-4913-B00B-1C71DA5C888C}.Debug|x86.ActiveCfg = Debug|Win32
		{4A489814-D823-4913-B00B-1C71DA5C888C}.Debug|x86.Build.0 = Debug|Win32
		{4A489814-D823-4913-B00B-1C71DA5C888C}.Release|x64.ActiveCfg = Release|x64
		{4A489814-D823-4913-B00B-1C71DA5C888C}.Release|x64.Build.0 = Release|x64
		{4A489814-D823-4913-B00B-1C71DA5C888C}.Release|x86.ActiveCfg = Release|Win32
		{4A489814-D823-4913-B00B-1C71DA5C888C}.Release|x86.Build.0 = Release|Win32
		{380068EF-49EA-454F-8BBE-C03195DC6C49}.Debug|x64.ActiveCfg = Debug|x64
		{380068EF-49EA-454F-8BBE-C03195DC6C49}.Debug|x64.Build.0 = Debug|x64
		{380068EF-49EA-454F-8BBE-C03195DC6C49}.Debug|x86.ActiveCfg = Debug|Win32
		{380068EF-49EA-454F-8BBE-C03195DC6C49}.Debug|x86.Build.0 = Debug|Win32
		{380068EF-49EA-454F-8BBE-C03195DC6C49}.Release|x64.ActiveCfg = Release|x64
		{380068EF-49EA-454F-8BBE-C03195DC6C49}.Release|x64.Build.0 = Release|x64
		{380068EF-49EA-454F-8BBE-C03195DC6C49}.Release|x86.ActiveCfg = Release|Win32
		{380068EF-49EA-454F-8BBE-C03195DC6C49}.Release|x86.Build.0 = Release|Win32
		{4423DCD9-1371-4D84-BC37-D2F0A9E64B4B}.Debug|x64.ActiveCfg = Debug|x64
		{4423DCD9-1371-4D84-BC37-D2F0A9E64B4B}.Debug|x64.Build.0 = Debug|x64
		{4423DCD9-1371-4D84-BC37-D2F0A9E64B4B}.Debug|x86.ActiveCfg = Debug|Win32
		{4423DCD9-1371-4D84-BC37-D2F0A9E64B4B}.Debug|x86.Build.0 = Debug|Win32
		{4423DCD9-1371-4D84-BC37-D2F0A9E64B4B}.Release|x64.ActiveCfg = Release|x64
		{4423DCD9-1371-4D84-BC37-D2F0A9E64B4B}.Release|x64.Build.0 = Release|x64
		{4423DCD9-1371-4D84-BC37-D2F0A9E64B4B}.Release|x86.ActiveCfg = Release|Win32
		{4423DCD9-1371-4D84-BC37-D2F0A9E64B4B}.Release|x86.Build.0 = Release|Win32
		{7BC0A005-FDCD-4601-9056-06F169B8EAD5}.Debug|x64.ActiveCfg = Debug|x64
		{7BC0A005-FDCD-4601-9056-06F169B8EAD5}.Debug|x64.Build.0 = Debug|x64
		{7BC0A005-FDCD-4601-9056-06F169B8EAD5}.Debug|x86.ActiveCfg = Debug|Win32
		{7BC0A005-FDCD-4601-9056-06F169B8EAD5}.Debug|x86.Build.0 = Debug|Win32
		{7BC0A005-FDCD-4601-9056-06F169B8EAD5}.Release|x64.ActiveCfg = Release|x64
		{7BC0A005-FDCD-4601-9056-06F169B8EAD5}.Release|x64.Build.0 = Release|x64
		{7BC0A005-FDCD-4601-9056-06F169B8EAD5}.Release|x86.ActiveCfg = Release|Win32
		{7BC0A005-FDCD-4601-9056-06F169B8EAD5}.Release|x86.Build.0 = Release|Win32
		{41F50C6C-B5E9-4961-BA96-243C09CF8907}.Debug|x64.ActiveCfg = Debug|x64
		{41F50C6C-B5E9-4961-BA96-243C09CF8907}.Debug|x64.Build.0 = Debug|x64
		{41F50C6C-B5E9-4961-BA96-243C09CF8907}.Debug|x86.ActiveCfg = Debug|Win32
		{41F50C6C-B5E9-4961-BA96-243C09CF8907}.Debug|x86.Build.0 = Debug|Win32
		{41F50C6C-B5E9-4961-BA96-243C09CF8907}.Release|x64.ActiveCfg = Release|x64
		{41F50C6C-B5E9-4961-BA96-243C09CF8907}.Release|x64.Build.0 = Release|x64
		{41F50C6C-B5E9-4961-BA96-243C09CF8907}.Release|x86.ActiveCfg = Release|Win32
		{41F50C6C-B5E9-4961-BA96-243C09CF8907}.Release|x86.Build.0 = Release|Win32
		{CD0A4148-8C05-4FDD-B116-4B6DAE76876C}.Debug|x64.ActiveCfg = Debug|x64
		{CD0A4148-8C05-4FDD-B116-4B6DAE76876C}.Debug|x64.Build.0 = Debug|x64
		{CD0A4148-8C05-4FDD-B116-4B6DAE76876C}.Debug|x86.ActiveCfg = Debug|Win32
		{CD0A4148-8C05-4FDD-B116-4B6DAE76876C}.Debug|x86.Build.0 = Debug|Win32
		{CD0A4148-8C05-4FDD-B116-4B6DAE76876C}.Release|x64.ActiveCfg = Release|x64
		{CD0A4148-8C05-4FDD-B116-4B6DAE76876C}.Release|x64.Build.0 = Release|x64
		{CD0A4148-8C05-4FDD-B116-4B6DAE76876C}.Release|x86.ActiveCfg = Release|Win32
		{CD0A4148-8C05-4FDD-B116-4B6DAE76876C}.Release|x86.Build.0 = Release|Win32
	EndGlobalSection
	GlobalSection(SolutionProperties) = preSolution
		HideSolutionNode = FALSE
	EndGlobalSection
	GlobalSection(ExtensibilityGlobals) = postSolution
		SolutionGuid = {A85BA73A-6DE3-47B6-A2F0-BE8EE98F890B}
	EndGlobalSection
EndGlobal
